
Microsoft Visual Studio Solution File, Format Version 12.00
# Visual Studio 2012
Project("{FAE04EC0-301F-11D3-BF4B-00C04F79EFBC}") = "MeteorPCL", "MeteorPCL.csproj", "{F456266F-DC35-42B6-84A1-AB33FDA2CD48}"
EndProject
Project("{FAE04EC0-301F-11D3-BF4B-00C04F79EFBC}") = "MeteorPCL.iOS", "iOS\MeteorPCL.iOS.csproj", "{B5771495-9941-455B-B691-F21A7F9171C9}"
EndProject
Project("{FAE04EC0-301F-11D3-BF4B-00C04F79EFBC}") = "MeteorPCL.Android", "Android\MeteorPCL.Android.csproj", "{DA5B6C64-3336-43FE-A830-FCC8CDF6EBD1}"
EndProject
Project("{2150E333-8FDC-42A3-9474-1A3956D46DE8}") = "Solution Items", "Solution Items", "{10876CC4-3766-42D6-9D89-99963DAF3801}"
	ProjectSection(SolutionItems) = preProject
		MeteorPCL.nuspec = MeteorPCL.nuspec
	EndProjectSection
EndProject
Global
	GlobalSection(SolutionConfigurationPlatforms) = preSolution
		Debug|Any CPU = Debug|Any CPU
		Release|Any CPU = Release|Any CPU
		Debug|iPhoneSimulator = Debug|iPhoneSimulator
		Release|iPhone = Release|iPhone
		Release|iPhoneSimulator = Release|iPhoneSimulator
		Debug|iPhone = Debug|iPhone
	EndGlobalSection
	GlobalSection(ProjectConfigurationPlatforms) = postSolution
		{F456266F-DC35-42B6-84A1-AB33FDA2CD48}.Debug|Any CPU.ActiveCfg = Debug|Any CPU
		{F456266F-DC35-42B6-84A1-AB33FDA2CD48}.Debug|Any CPU.Build.0 = Debug|Any CPU
		{F456266F-DC35-42B6-84A1-AB33FDA2CD48}.Release|Any CPU.ActiveCfg = Release|Any CPU
		{F456266F-DC35-42B6-84A1-AB33FDA2CD48}.Release|Any CPU.Build.0 = Release|Any CPU
		{F456266F-DC35-42B6-84A1-AB33FDA2CD48}.Debug|iPhoneSimulator.ActiveCfg = Debug|Any CPU
		{F456266F-DC35-42B6-84A1-AB33FDA2CD48}.Debug|iPhoneSimulator.Build.0 = Debug|Any CPU
		{F456266F-DC35-42B6-84A1-AB33FDA2CD48}.Release|iPhone.ActiveCfg = Release|Any CPU
		{F456266F-DC35-42B6-84A1-AB33FDA2CD48}.Release|iPhone.Build.0 = Release|Any CPU
		{F456266F-DC35-42B6-84A1-AB33FDA2CD48}.Release|iPhoneSimulator.ActiveCfg = Release|Any CPU
		{F456266F-DC35-42B6-84A1-AB33FDA2CD48}.Release|iPhoneSimulator.Build.0 = Release|Any CPU
		{F456266F-DC35-42B6-84A1-AB33FDA2CD48}.Debug|iPhone.ActiveCfg = Debug|Any CPU
		{F456266F-DC35-42B6-84A1-AB33FDA2CD48}.Debug|iPhone.Build.0 = Debug|Any CPU
		{B5771495-9941-455B-B691-F21A7F9171C9}.Debug|Any CPU.ActiveCfg = Debug|Any CPU
		{B5771495-9941-455B-B691-F21A7F9171C9}.Debug|Any CPU.Build.0 = Debug|Any CPU
		{B5771495-9941-455B-B691-F21A7F9171C9}.Release|Any CPU.ActiveCfg = Release|Any CPU
		{B5771495-9941-455B-B691-F21A7F9171C9}.Release|Any CPU.Build.0 = Release|Any CPU
		{B5771495-9941-455B-B691-F21A7F9171C9}.Debug|iPhoneSimulator.ActiveCfg = Debug|Any CPU
		{B5771495-9941-455B-B691-F21A7F9171C9}.Debug|iPhoneSimulator.Build.0 = Debug|Any CPU
		{B5771495-9941-455B-B691-F21A7F9171C9}.Release|iPhone.ActiveCfg = Release|Any CPU
		{B5771495-9941-455B-B691-F21A7F9171C9}.Release|iPhone.Build.0 = Release|Any CPU
		{B5771495-9941-455B-B691-F21A7F9171C9}.Release|iPhoneSimulator.ActiveCfg = Release|Any CPU
		{B5771495-9941-455B-B691-F21A7F9171C9}.Release|iPhoneSimulator.Build.0 = Release|Any CPU
		{B5771495-9941-455B-B691-F21A7F9171C9}.Debug|iPhone.ActiveCfg = Debug|Any CPU
		{B5771495-9941-455B-B691-F21A7F9171C9}.Debug|iPhone.Build.0 = Debug|Any CPU
		{DA5B6C64-3336-43FE-A830-FCC8CDF6EBD1}.Debug|Any CPU.ActiveCfg = Debug|Any CPU
		{DA5B6C64-3336-43FE-A830-FCC8CDF6EBD1}.Debug|Any CPU.Build.0 = Debug|Any CPU
		{DA5B6C64-3336-43FE-A830-FCC8CDF6EBD1}.Release|Any CPU.ActiveCfg = Release|Any CPU
		{DA5B6C64-3336-43FE-A830-FCC8CDF6EBD1}.Release|Any CPU.Build.0 = Release|Any CPU
		{DA5B6C64-3336-43FE-A830-FCC8CDF6EBD1}.Debug|iPhoneSimulator.ActiveCfg = Debug|Any CPU
		{DA5B6C64-3336-43FE-A830-FCC8CDF6EBD1}.Debug|iPhoneSimulator.Build.0 = Debug|Any CPU
		{DA5B6C64-3336-43FE-A830-FCC8CDF6EBD1}.Release|iPhone.ActiveCfg = Release|Any CPU
		{DA5B6C64-3336-43FE-A830-FCC8CDF6EBD1}.Release|iPhone.Build.0 = Release|Any CPU
		{DA5B6C64-3336-43FE-A830-FCC8CDF6EBD1}.Release|iPhoneSimulator.ActiveCfg = Release|Any CPU
		{DA5B6C64-3336-43FE-A830-FCC8CDF6EBD1}.Release|iPhoneSimulator.Build.0 = Release|Any CPU
		{DA5B6C64-3336-43FE-A830-FCC8CDF6EBD1}.Debug|iPhone.ActiveCfg = Debug|Any CPU
		{DA5B6C64-3336-43FE-A830-FCC8CDF6EBD1}.Debug|iPhone.Build.0 = Debug|Any CPU
	EndGlobalSection
	GlobalSection(MonoDevelopProperties) = preSolution
		Policies = $0
		$0.DotNetNamingPolicy = $1
		$1.DirectoryNamespaceAssociation = None
		$1.ResourceNamePolicy = FileFormatDefault
		$0.VersionControlPolicy = $2
		$2.inheritsSet = Mono
		version = 1.0.5
	EndGlobalSection
EndGlobal
